
Microsoft Visual Studio Solution File, Format Version 12.00
# Visual Studio Version 16
VisualStudioVersion = 16.0.31410.357
MinimumVisualStudioVersion = 10.0.40219.1
Project("{FAE04EC0-301F-11D3-BF4B-00C04F79EFBC}") = "WebServices", "WebServices\WebServices.csproj", "{DBA16B3A-214A-4BAC-8462-9D28204E821E}"
EndProject
Global
	GlobalSection(SolutionConfigurationPlatforms) = preSolution
		Debug|Any CPU = Debug|Any CPU
		Release|Any CPU = Release|Any CPU
	EndGlobalSection
	GlobalSection(ProjectConfigurationPlatforms) = postSolution
		{DBA16B3A-214A-4BAC-8462-9D28204E821E}.Debug|Any CPU.ActiveCfg = Debug|Any CPU
		{DBA16B3A-214A-4BAC-8462-9D28204E821E}.Debug|Any CPU.Build.0 = Debug|Any CPU
		{DBA16B3A-214A-4BAC-8462-9D28204E821E}.Release|Any CPU.ActiveCfg = Release|Any CPU
		{DBA16B3A-214A-4BAC-8462-9D28204E821E}.Release|Any CPU.Build.0 = Release|Any CPU
	EndGlobalSection
	GlobalSection(SolutionProperties) = preSolution
		HideSolutionNode = FALSE
	EndGlobalSection
	GlobalSection(ExtensibilityGlobals) = postSolution
		SolutionGuid = {82F57516-5DAC-4553-A1EF-EF6F2D30FB42}
	EndGlobalSection
EndGlobal
